# THIS IS AN AUTOGENERATED FILE. DO NOT EDIT THIS FILE DIRECTLY.
# yarn lockfile v1


debug@^2.6.7:
  version "2.6.8"
  resolved "https://registry.yarnpkg.com/debug/-/debug-2.6.8.tgz#e731531ca2ede27d188222427da17821d68ff4fc"
  dependencies:
    ms "2.0.0"

ms@2.0.0:
  version "2.0.0"
  resolved "https://registry.yarnpkg.com/ms/-/ms-2.0.0.tgz#5608aeadfc00be6c2901df5f9861788de0d597c8"

simple-git@^1.74.1:
  version "1.74.1"
  resolved "https://registry.yarnpkg.com/simple-git/-/simple-git-1.74.1.tgz#802f1cb6f38e826aa238bda19990e7e3b3198181"
  dependencies:
    debug "^2.6.7"
